
Microsoft Visual Studio Solution File, Format Version 12.00
Project("{FAE04EC0-301F-11D3-BF4B-00C04F79EFBC}") = "Auth.Services", "src\Auth.Services\Auth.Services.csproj", "{69766EEE-702C-4C9C-A94B-48048EF2C922}"
EndProject
Project("{FAE04EC0-301F-11D3-BF4B-00C04F79EFBC}") = "Auth.Migrator", "src\Auth.Migrator\Auth.Migrator.csproj", "{36F65623-EC99-4E38-82F9-E83D61B6739E}"
EndProject
Project("{FAE04EC0-301F-11D3-BF4B-00C04F79EFBC}") = "Auth.MvcClient", "src\Auth.MvcClient\Auth.MvcClient.csproj", "{0B5C8C78-D707-44E4-A141-1C490A5F4F53}"
EndProject
Project("{FAE04EC0-301F-11D3-BF4B-00C04F79EFBC}") = "Auth.Worker", "src\Auth.Worker\Auth.Worker.csproj", "{14BD269F-2DB8-49DF-9DEA-DF6A4635C6D9}"
EndProject
Project("{FAE04EC0-301F-11D3-BF4B-00C04F79EFBC}") = "Auth.Events", "src\Auth.Events\Auth.Events.csproj", "{DC4789EA-9C2A-405F-9EAA-6172DA659922}"
EndProject
Global
	GlobalSection(SolutionConfigurationPlatforms) = preSolution
		Debug|Any CPU = Debug|Any CPU
		Release|Any CPU = Release|Any CPU
	EndGlobalSection
	GlobalSection(ProjectConfigurationPlatforms) = postSolution
		{69766EEE-702C-4C9C-A94B-48048EF2C922}.Debug|Any CPU.ActiveCfg = Debug|Any CPU
		{69766EEE-702C-4C9C-A94B-48048EF2C922}.Debug|Any CPU.Build.0 = Debug|Any CPU
		{69766EEE-702C-4C9C-A94B-48048EF2C922}.Release|Any CPU.ActiveCfg = Release|Any CPU
		{69766EEE-702C-4C9C-A94B-48048EF2C922}.Release|Any CPU.Build.0 = Release|Any CPU
		{36F65623-EC99-4E38-82F9-E83D61B6739E}.Debug|Any CPU.ActiveCfg = Debug|Any CPU
		{36F65623-EC99-4E38-82F9-E83D61B6739E}.Debug|Any CPU.Build.0 = Debug|Any CPU
		{36F65623-EC99-4E38-82F9-E83D61B6739E}.Release|Any CPU.ActiveCfg = Release|Any CPU
		{36F65623-EC99-4E38-82F9-E83D61B6739E}.Release|Any CPU.Build.0 = Release|Any CPU
		{0B5C8C78-D707-44E4-A141-1C490A5F4F53}.Debug|Any CPU.ActiveCfg = Debug|Any CPU
		{0B5C8C78-D707-44E4-A141-1C490A5F4F53}.Debug|Any CPU.Build.0 = Debug|Any CPU
		{0B5C8C78-D707-44E4-A141-1C490A5F4F53}.Release|Any CPU.ActiveCfg = Release|Any CPU
		{0B5C8C78-D707-44E4-A141-1C490A5F4F53}.Release|Any CPU.Build.0 = Release|Any CPU
		{14BD269F-2DB8-49DF-9DEA-DF6A4635C6D9}.Debug|Any CPU.ActiveCfg = Debug|Any CPU
		{14BD269F-2DB8-49DF-9DEA-DF6A4635C6D9}.Debug|Any CPU.Build.0 = Debug|Any CPU
		{14BD269F-2DB8-49DF-9DEA-DF6A4635C6D9}.Release|Any CPU.ActiveCfg = Release|Any CPU
		{14BD269F-2DB8-49DF-9DEA-DF6A4635C6D9}.Release|Any CPU.Build.0 = Release|Any CPU
		{DC4789EA-9C2A-405F-9EAA-6172DA659922}.Debug|Any CPU.ActiveCfg = Debug|Any CPU
		{DC4789EA-9C2A-405F-9EAA-6172DA659922}.Debug|Any CPU.Build.0 = Debug|Any CPU
		{DC4789EA-9C2A-405F-9EAA-6172DA659922}.Release|Any CPU.ActiveCfg = Release|Any CPU
		{DC4789EA-9C2A-405F-9EAA-6172DA659922}.Release|Any CPU.Build.0 = Release|Any CPU
	EndGlobalSection
EndGlobal
